
Microsoft Visual Studio Solution File, Format Version 12.00
# Visual Studio Version 17
VisualStudioVersion = 17.0.32126.317
MinimumVisualStudioVersion = 10.0.40219.1
Project("{9A19103F-16F7-4668-BE54-9A1E7A4F7556}") = "Doppler.BulkSender", "Doppler.BulkSender.csproj", "{36D01A6F-5A69-45B1-B18C-2D5395EB1BAA}"
EndProject
Global
	GlobalSection(SolutionConfigurationPlatforms) = preSolution
		Debug|Any CPU = Debug|Any CPU
		Release|Any CPU = Release|Any CPU
	EndGlobalSection
	GlobalSection(ProjectConfigurationPlatforms) = postSolution
		{36D01A6F-5A69-45B1-B18C-2D5395EB1BAA}.Debug|Any CPU.ActiveCfg = Debug|Any CPU
		{36D01A6F-5A69-45B1-B18C-2D5395EB1BAA}.Debug|Any CPU.Build.0 = Debug|Any CPU
		{36D01A6F-5A69-45B1-B18C-2D5395EB1BAA}.Release|Any CPU.ActiveCfg = Release|Any CPU
		{36D01A6F-5A69-45B1-B18C-2D5395EB1BAA}.Release|Any CPU.Build.0 = Release|Any CPU
	EndGlobalSection
	GlobalSection(SolutionProperties) = preSolution
		HideSolutionNode = FALSE
	EndGlobalSection
	GlobalSection(ExtensibilityGlobals) = postSolution
		SolutionGuid = {3968E9DB-A08E-466E-AAA0-B13F3F057289}
	EndGlobalSection
EndGlobal
